
Microsoft Visual Studio Solution File, Format Version 12.00
# Visual Studio Version 17
VisualStudioVersion = 17.11.35222.181
MinimumVisualStudioVersion = 10.0.40219.1
Project("{FAE04EC0-301F-11D3-BF4B-00C04F79EFBC}") = "DresseurSinge", "DresseurSinge\DresseurSinge.csproj", "{7D3B3779-FE99-41C4-A4FF-84469EE41EE8}"
EndProject
Global
	GlobalSection(SolutionConfigurationPlatforms) = preSolution
		Debug|Any CPU = Debug|Any CPU
		Release|Any CPU = Release|Any CPU
	EndGlobalSection
	GlobalSection(ProjectConfigurationPlatforms) = postSolution
		{7D3B3779-FE99-41C4-A4FF-84469EE41EE8}.Debug|Any CPU.ActiveCfg = Debug|Any CPU
		{7D3B3779-FE99-41C4-A4FF-84469EE41EE8}.Debug|Any CPU.Build.0 = Debug|Any CPU
		{7D3B3779-FE99-41C4-A4FF-84469EE41EE8}.Release|Any CPU.ActiveCfg = Release|Any CPU
		{7D3B3779-FE99-41C4-A4FF-84469EE41EE8}.Release|Any CPU.Build.0 = Release|Any CPU
	EndGlobalSection
	GlobalSection(SolutionProperties) = preSolution
		HideSolutionNode = FALSE
	EndGlobalSection
	GlobalSection(ExtensibilityGlobals) = postSolution
		SolutionGuid = {58C4F73C-80D4-4C0D-8CC5-1BD1D2AF02A5}
	EndGlobalSection
EndGlobal
